
Microsoft Visual Studio Solution File, Format Version 12.00
# Visual Studio Version 17
VisualStudioVersion = 17.0.31903.59
MinimumVisualStudioVersion = 10.0.40219.1
Project("{FAE04EC0-301F-11D3-BF4B-00C04F79EFBC}") = "Chronos", "Chronos\Chronos.csproj", "{76FFD438-6453-4E25-A259-6C8A033A7754}"
EndProject
Project("{FAE04EC0-301F-11D3-BF4B-00C04F79EFBC}") = "RandomTest", "RandomTest\RandomTest.csproj", "{81D2C4FB-497C-471A-907B-1709CAFC5348}"
EndProject
Global
	GlobalSection(SolutionConfigurationPlatforms) = preSolution
		Debug|Any CPU = Debug|Any CPU
		Release|Any CPU = Release|Any CPU
	EndGlobalSection
	GlobalSection(SolutionProperties) = preSolution
		HideSolutionNode = FALSE
	EndGlobalSection
	GlobalSection(ProjectConfigurationPlatforms) = postSolution
		{76FFD438-6453-4E25-A259-6C8A033A7754}.Debug|Any CPU.ActiveCfg = Debug|Any CPU
		{76FFD438-6453-4E25-A259-6C8A033A7754}.Debug|Any CPU.Build.0 = Debug|Any CPU
		{76FFD438-6453-4E25-A259-6C8A033A7754}.Release|Any CPU.ActiveCfg = Release|Any CPU
		{76FFD438-6453-4E25-A259-6C8A033A7754}.Release|Any CPU.Build.0 = Release|Any CPU
		{81D2C4FB-497C-471A-907B-1709CAFC5348}.Debug|Any CPU.ActiveCfg = Debug|Any CPU
		{81D2C4FB-497C-471A-907B-1709CAFC5348}.Debug|Any CPU.Build.0 = Debug|Any CPU
		{81D2C4FB-497C-471A-907B-1709CAFC5348}.Release|Any CPU.ActiveCfg = Release|Any CPU
		{81D2C4FB-497C-471A-907B-1709CAFC5348}.Release|Any CPU.Build.0 = Release|Any CPU
	EndGlobalSection
EndGlobal
